
Microsoft Visual Studio Solution File, Format Version 12.00
# Visual Studio Version 17
VisualStudioVersion = 17.5.002.0
MinimumVisualStudioVersion = 10.0.40219.1
Project("{9A19103F-16F7-4668-BE54-9A1E7A4F7556}") = "ms-notificaciones", "ms-notificaciones.csproj", "{9F81E798-E381-4223-9FD6-CFF75A1197E6}"
EndProject
Global
	GlobalSection(SolutionConfigurationPlatforms) = preSolution
		Debug|Any CPU = Debug|Any CPU
		Release|Any CPU = Release|Any CPU
	EndGlobalSection
	GlobalSection(ProjectConfigurationPlatforms) = postSolution
		{9F81E798-E381-4223-9FD6-CFF75A1197E6}.Debug|Any CPU.ActiveCfg = Debug|Any CPU
		{9F81E798-E381-4223-9FD6-CFF75A1197E6}.Debug|Any CPU.Build.0 = Debug|Any CPU
		{9F81E798-E381-4223-9FD6-CFF75A1197E6}.Release|Any CPU.ActiveCfg = Release|Any CPU
		{9F81E798-E381-4223-9FD6-CFF75A1197E6}.Release|Any CPU.Build.0 = Release|Any CPU
	EndGlobalSection
	GlobalSection(SolutionProperties) = preSolution
		HideSolutionNode = FALSE
	EndGlobalSection
	GlobalSection(ExtensibilityGlobals) = postSolution
		SolutionGuid = {9584C7D3-4067-406F-AED2-1F34DE5E81BA}
	EndGlobalSection
EndGlobal
